
Microsoft Visual Studio Solution File, Format Version 12.00
# Visual Studio 15
VisualStudioVersion = 15.0.33026.149
MinimumVisualStudioVersion = 10.0.40219.1
Project("{FAE04EC0-301F-11D3-BF4B-00C04F79EFBC}") = "z1", "z1\z1.csproj", "{1BE13114-6DCB-4903-A272-D83205532AC5}"
EndProject
Project("{FAE04EC0-301F-11D3-BF4B-00C04F79EFBC}") = "z2", "z2\z2.csproj", "{F6FB3140-920F-4262-825E-682761A2707F}"
EndProject
Project("{FAE04EC0-301F-11D3-BF4B-00C04F79EFBC}") = "z3", "z3\z3.csproj", "{B760400A-072B-4E9F-B9D2-B8F94D653309}"
EndProject
Global
	GlobalSection(SolutionConfigurationPlatforms) = preSolution
		Debug|Any CPU = Debug|Any CPU
		Release|Any CPU = Release|Any CPU
	EndGlobalSection
	GlobalSection(ProjectConfigurationPlatforms) = postSolution
		{1BE13114-6DCB-4903-A272-D83205532AC5}.Debug|Any CPU.ActiveCfg = Debug|Any CPU
		{1BE13114-6DCB-4903-A272-D83205532AC5}.Debug|Any CPU.Build.0 = Debug|Any CPU
		{1BE13114-6DCB-4903-A272-D83205532AC5}.Release|Any CPU.ActiveCfg = Release|Any CPU
		{1BE13114-6DCB-4903-A272-D83205532AC5}.Release|Any CPU.Build.0 = Release|Any CPU
		{F6FB3140-920F-4262-825E-682761A2707F}.Debug|Any CPU.ActiveCfg = Debug|Any CPU
		{F6FB3140-920F-4262-825E-682761A2707F}.Debug|Any CPU.Build.0 = Debug|Any CPU
		{F6FB3140-920F-4262-825E-682761A2707F}.Release|Any CPU.ActiveCfg = Release|Any CPU
		{F6FB3140-920F-4262-825E-682761A2707F}.Release|Any CPU.Build.0 = Release|Any CPU
		{B760400A-072B-4E9F-B9D2-B8F94D653309}.Debug|Any CPU.ActiveCfg = Debug|Any CPU
		{B760400A-072B-4E9F-B9D2-B8F94D653309}.Debug|Any CPU.Build.0 = Debug|Any CPU
		{B760400A-072B-4E9F-B9D2-B8F94D653309}.Release|Any CPU.ActiveCfg = Release|Any CPU
		{B760400A-072B-4E9F-B9D2-B8F94D653309}.Release|Any CPU.Build.0 = Release|Any CPU
	EndGlobalSection
	GlobalSection(SolutionProperties) = preSolution
		HideSolutionNode = FALSE
	EndGlobalSection
	GlobalSection(ExtensibilityGlobals) = postSolution
		SolutionGuid = {6F694093-CEFC-49D6-87BF-EA297C2A8FE9}
	EndGlobalSection
EndGlobal
