
Microsoft Visual Studio Solution File, Format Version 12.00
# Visual Studio 15
VisualStudioVersion = 15.0.33026.149
MinimumVisualStudioVersion = 10.0.40219.1
Project("{FAE04EC0-301F-11D3-BF4B-00C04F79EFBC}") = "z1", "pr4\z1.csproj", "{396D89C6-3AA1-4F0D-B728-0CB74C703EED}"
EndProject
Project("{FAE04EC0-301F-11D3-BF4B-00C04F79EFBC}") = "z2", "z2\z2.csproj", "{D8D58D5D-6B7A-46CC-99C3-054F2E1457AB}"
EndProject
Project("{FAE04EC0-301F-11D3-BF4B-00C04F79EFBC}") = "z3", "z3\z3.csproj", "{0EE0DA15-CF91-410B-92AD-88ABF3BAE79D}"
EndProject
Global
	GlobalSection(SolutionConfigurationPlatforms) = preSolution
		Debug|Any CPU = Debug|Any CPU
		Release|Any CPU = Release|Any CPU
	EndGlobalSection
	GlobalSection(ProjectConfigurationPlatforms) = postSolution
		{396D89C6-3AA1-4F0D-B728-0CB74C703EED}.Debug|Any CPU.ActiveCfg = Debug|Any CPU
		{396D89C6-3AA1-4F0D-B728-0CB74C703EED}.Debug|Any CPU.Build.0 = Debug|Any CPU
		{396D89C6-3AA1-4F0D-B728-0CB74C703EED}.Release|Any CPU.ActiveCfg = Release|Any CPU
		{396D89C6-3AA1-4F0D-B728-0CB74C703EED}.Release|Any CPU.Build.0 = Release|Any CPU
		{D8D58D5D-6B7A-46CC-99C3-054F2E1457AB}.Debug|Any CPU.ActiveCfg = Debug|Any CPU
		{D8D58D5D-6B7A-46CC-99C3-054F2E1457AB}.Debug|Any CPU.Build.0 = Debug|Any CPU
		{D8D58D5D-6B7A-46CC-99C3-054F2E1457AB}.Release|Any CPU.ActiveCfg = Release|Any CPU
		{D8D58D5D-6B7A-46CC-99C3-054F2E1457AB}.Release|Any CPU.Build.0 = Release|Any CPU
		{0EE0DA15-CF91-410B-92AD-88ABF3BAE79D}.Debug|Any CPU.ActiveCfg = Debug|Any CPU
		{0EE0DA15-CF91-410B-92AD-88ABF3BAE79D}.Debug|Any CPU.Build.0 = Debug|Any CPU
		{0EE0DA15-CF91-410B-92AD-88ABF3BAE79D}.Release|Any CPU.ActiveCfg = Release|Any CPU
		{0EE0DA15-CF91-410B-92AD-88ABF3BAE79D}.Release|Any CPU.Build.0 = Release|Any CPU
	EndGlobalSection
	GlobalSection(SolutionProperties) = preSolution
		HideSolutionNode = FALSE
	EndGlobalSection
	GlobalSection(ExtensibilityGlobals) = postSolution
		SolutionGuid = {5FFD2A64-30EA-44AB-AD32-1C729346417C}
	EndGlobalSection
EndGlobal
