
Microsoft Visual Studio Solution File, Format Version 12.00
# Visual Studio 15
VisualStudioVersion = 15.0.33026.149
MinimumVisualStudioVersion = 10.0.40219.1
Project("{FAE04EC0-301F-11D3-BF4B-00C04F79EFBC}") = "z1", "z1\z1.csproj", "{85587765-8C13-4342-9B03-BA10ED8B7EA6}"
EndProject
Project("{FAE04EC0-301F-11D3-BF4B-00C04F79EFBC}") = "z2", "z2\z2.csproj", "{D3FE15F3-2CFA-4B4C-8CD4-E9F5179DBBA9}"
EndProject
Project("{FAE04EC0-301F-11D3-BF4B-00C04F79EFBC}") = "z3", "z3\z3.csproj", "{6EE77AE3-C870-401B-B322-CC1A3E3A2A0A}"
EndProject
Project("{FAE04EC0-301F-11D3-BF4B-00C04F79EFBC}") = "z5", "z5\z5.csproj", "{0DF47489-468A-45EC-B349-7659AB1A778D}"
EndProject
Global
	GlobalSection(SolutionConfigurationPlatforms) = preSolution
		Debug|Any CPU = Debug|Any CPU
		Release|Any CPU = Release|Any CPU
	EndGlobalSection
	GlobalSection(ProjectConfigurationPlatforms) = postSolution
		{85587765-8C13-4342-9B03-BA10ED8B7EA6}.Debug|Any CPU.ActiveCfg = Debug|Any CPU
		{85587765-8C13-4342-9B03-BA10ED8B7EA6}.Debug|Any CPU.Build.0 = Debug|Any CPU
		{85587765-8C13-4342-9B03-BA10ED8B7EA6}.Release|Any CPU.ActiveCfg = Release|Any CPU
		{85587765-8C13-4342-9B03-BA10ED8B7EA6}.Release|Any CPU.Build.0 = Release|Any CPU
		{D3FE15F3-2CFA-4B4C-8CD4-E9F5179DBBA9}.Debug|Any CPU.ActiveCfg = Debug|Any CPU
		{D3FE15F3-2CFA-4B4C-8CD4-E9F5179DBBA9}.Debug|Any CPU.Build.0 = Debug|Any CPU
		{D3FE15F3-2CFA-4B4C-8CD4-E9F5179DBBA9}.Release|Any CPU.ActiveCfg = Release|Any CPU
		{D3FE15F3-2CFA-4B4C-8CD4-E9F5179DBBA9}.Release|Any CPU.Build.0 = Release|Any CPU
		{6EE77AE3-C870-401B-B322-CC1A3E3A2A0A}.Debug|Any CPU.ActiveCfg = Debug|Any CPU
		{6EE77AE3-C870-401B-B322-CC1A3E3A2A0A}.Debug|Any CPU.Build.0 = Debug|Any CPU
		{6EE77AE3-C870-401B-B322-CC1A3E3A2A0A}.Release|Any CPU.ActiveCfg = Release|Any CPU
		{6EE77AE3-C870-401B-B322-CC1A3E3A2A0A}.Release|Any CPU.Build.0 = Release|Any CPU
		{0DF47489-468A-45EC-B349-7659AB1A778D}.Debug|Any CPU.ActiveCfg = Debug|Any CPU
		{0DF47489-468A-45EC-B349-7659AB1A778D}.Debug|Any CPU.Build.0 = Debug|Any CPU
		{0DF47489-468A-45EC-B349-7659AB1A778D}.Release|Any CPU.ActiveCfg = Release|Any CPU
		{0DF47489-468A-45EC-B349-7659AB1A778D}.Release|Any CPU.Build.0 = Release|Any CPU
	EndGlobalSection
	GlobalSection(SolutionProperties) = preSolution
		HideSolutionNode = FALSE
	EndGlobalSection
	GlobalSection(ExtensibilityGlobals) = postSolution
		SolutionGuid = {C7525700-8088-400B-A096-21665382A8C2}
	EndGlobalSection
EndGlobal
